
Microsoft Visual Studio Solution File, Format Version 12.00
# Visual Studio Version 17
VisualStudioVersion = 17.7.34031.279
MinimumVisualStudioVersion = 10.0.40219.1
Project("{FAE04EC0-301F-11D3-BF4B-00C04F79EFBC}") = "CinemaAPI", "CinemaAPI\CinemaAPI.csproj", "{8A8A0C97-D958-433A-A09E-C5A21307CCB7}"
EndProject
Project("{FAE04EC0-301F-11D3-BF4B-00C04F79EFBC}") = "Business", "Business\Business.csproj", "{905947C2-C12A-4A47-90FA-078AC44F313D}"
EndProject
Project("{FAE04EC0-301F-11D3-BF4B-00C04F79EFBC}") = "DataAcces", "DataAcces\DataAcces.csproj", "{EEDF1A79-7EBD-4ED8-9589-025662CE0D2D}"
EndProject
Project("{FAE04EC0-301F-11D3-BF4B-00C04F79EFBC}") = "DTO", "DTO\DTO.csproj", "{0F0939FF-AC33-4F2A-9C1B-52291DA87278}"
EndProject
Global
	GlobalSection(SolutionConfigurationPlatforms) = preSolution
		Debug|Any CPU = Debug|Any CPU
		Release|Any CPU = Release|Any CPU
	EndGlobalSection
	GlobalSection(ProjectConfigurationPlatforms) = postSolution
		{8A8A0C97-D958-433A-A09E-C5A21307CCB7}.Debug|Any CPU.ActiveCfg = Debug|Any CPU
		{8A8A0C97-D958-433A-A09E-C5A21307CCB7}.Debug|Any CPU.Build.0 = Debug|Any CPU
		{8A8A0C97-D958-433A-A09E-C5A21307CCB7}.Release|Any CPU.ActiveCfg = Release|Any CPU
		{8A8A0C97-D958-433A-A09E-C5A21307CCB7}.Release|Any CPU.Build.0 = Release|Any CPU
		{905947C2-C12A-4A47-90FA-078AC44F313D}.Debug|Any CPU.ActiveCfg = Debug|Any CPU
		{905947C2-C12A-4A47-90FA-078AC44F313D}.Debug|Any CPU.Build.0 = Debug|Any CPU
		{905947C2-C12A-4A47-90FA-078AC44F313D}.Release|Any CPU.ActiveCfg = Release|Any CPU
		{905947C2-C12A-4A47-90FA-078AC44F313D}.Release|Any CPU.Build.0 = Release|Any CPU
		{EEDF1A79-7EBD-4ED8-9589-025662CE0D2D}.Debug|Any CPU.ActiveCfg = Debug|Any CPU
		{EEDF1A79-7EBD-4ED8-9589-025662CE0D2D}.Debug|Any CPU.Build.0 = Debug|Any CPU
		{EEDF1A79-7EBD-4ED8-9589-025662CE0D2D}.Release|Any CPU.ActiveCfg = Release|Any CPU
		{EEDF1A79-7EBD-4ED8-9589-025662CE0D2D}.Release|Any CPU.Build.0 = Release|Any CPU
		{0F0939FF-AC33-4F2A-9C1B-52291DA87278}.Debug|Any CPU.ActiveCfg = Debug|Any CPU
		{0F0939FF-AC33-4F2A-9C1B-52291DA87278}.Debug|Any CPU.Build.0 = Debug|Any CPU
		{0F0939FF-AC33-4F2A-9C1B-52291DA87278}.Release|Any CPU.ActiveCfg = Release|Any CPU
		{0F0939FF-AC33-4F2A-9C1B-52291DA87278}.Release|Any CPU.Build.0 = Release|Any CPU
	EndGlobalSection
	GlobalSection(SolutionProperties) = preSolution
		HideSolutionNode = FALSE
	EndGlobalSection
	GlobalSection(ExtensibilityGlobals) = postSolution
		SolutionGuid = {3F2B5EA5-212B-4F91-B434-0AD5B07A38AB}
	EndGlobalSection
EndGlobal
